
Microsoft Visual Studio Solution File, Format Version 12.00
# Visual Studio Version 17
VisualStudioVersion = 17.2.32519.379
MinimumVisualStudioVersion = 10.0.40219.1
Project("{9A19103F-16F7-4668-BE54-9A1E7A4F7556}") = "NetServerDemo", "NetServerDemo\NetServerDemo.csproj", "{9C97220B-E5ED-408B-8DAC-DDB30A14D27B}"
EndProject
Project("{9A19103F-16F7-4668-BE54-9A1E7A4F7556}") = "CommonLib", "..\..\dotnet_libs\CommonLib\CommonLib.csproj", "{F077237B-5D17-4783-B993-65AA1796D5AD}"
EndProject
Project("{9A19103F-16F7-4668-BE54-9A1E7A4F7556}") = "PacketLib", "..\PacketLib\PacketLib.csproj", "{73C0CFCB-3B3F-4F7B-83DF-178B8BD4FFBD}"
EndProject
Global
	GlobalSection(SolutionConfigurationPlatforms) = preSolution
		Debug|Any CPU = Debug|Any CPU
		Release|Any CPU = Release|Any CPU
	EndGlobalSection
	GlobalSection(ProjectConfigurationPlatforms) = postSolution
		{9C97220B-E5ED-408B-8DAC-DDB30A14D27B}.Debug|Any CPU.ActiveCfg = Debug|Any CPU
		{9C97220B-E5ED-408B-8DAC-DDB30A14D27B}.Debug|Any CPU.Build.0 = Debug|Any CPU
		{9C97220B-E5ED-408B-8DAC-DDB30A14D27B}.Release|Any CPU.ActiveCfg = Release|Any CPU
		{9C97220B-E5ED-408B-8DAC-DDB30A14D27B}.Release|Any CPU.Build.0 = Release|Any CPU
		{F077237B-5D17-4783-B993-65AA1796D5AD}.Debug|Any CPU.ActiveCfg = Debug|Any CPU
		{F077237B-5D17-4783-B993-65AA1796D5AD}.Debug|Any CPU.Build.0 = Debug|Any CPU
		{F077237B-5D17-4783-B993-65AA1796D5AD}.Release|Any CPU.ActiveCfg = Release|Any CPU
		{F077237B-5D17-4783-B993-65AA1796D5AD}.Release|Any CPU.Build.0 = Release|Any CPU
		{73C0CFCB-3B3F-4F7B-83DF-178B8BD4FFBD}.Debug|Any CPU.ActiveCfg = Debug|Any CPU
		{73C0CFCB-3B3F-4F7B-83DF-178B8BD4FFBD}.Debug|Any CPU.Build.0 = Debug|Any CPU
		{73C0CFCB-3B3F-4F7B-83DF-178B8BD4FFBD}.Release|Any CPU.ActiveCfg = Release|Any CPU
		{73C0CFCB-3B3F-4F7B-83DF-178B8BD4FFBD}.Release|Any CPU.Build.0 = Release|Any CPU
	EndGlobalSection
	GlobalSection(SolutionProperties) = preSolution
		HideSolutionNode = FALSE
	EndGlobalSection
	GlobalSection(ExtensibilityGlobals) = postSolution
		SolutionGuid = {57FD4D3B-AEF0-4A7B-B73D-165D9811BFFE}
	EndGlobalSection
EndGlobal
