
Microsoft Visual Studio Solution File, Format Version 12.00
# Visual Studio Version 17
VisualStudioVersion = 17.3.32825.248
MinimumVisualStudioVersion = 10.0.40219.1
Project("{FAE04EC0-301F-11D3-BF4B-00C04F79EFBC}") = "NetDemo", "NetDemo\NetDemo.csproj", "{E5732888-CAD4-470F-86CC-6543A63E70F5}"
EndProject
Project("{9A19103F-16F7-4668-BE54-9A1E7A4F7556}") = "CommonLib", "..\..\dotnet_libs\CommonLib\CommonLib.csproj", "{8F5FF73C-EFA3-4B29-B61A-52A159B781C6}"
EndProject
Project("{9A19103F-16F7-4668-BE54-9A1E7A4F7556}") = "PacketLib", "..\PacketLib\PacketLib.csproj", "{54503C06-A29E-4313-B2D6-011A8FAED118}"
EndProject
Global
	GlobalSection(SolutionConfigurationPlatforms) = preSolution
		Debug|Any CPU = Debug|Any CPU
		Release|Any CPU = Release|Any CPU
	EndGlobalSection
	GlobalSection(ProjectConfigurationPlatforms) = postSolution
		{E5732888-CAD4-470F-86CC-6543A63E70F5}.Debug|Any CPU.ActiveCfg = Debug|Any CPU
		{E5732888-CAD4-470F-86CC-6543A63E70F5}.Debug|Any CPU.Build.0 = Debug|Any CPU
		{E5732888-CAD4-470F-86CC-6543A63E70F5}.Release|Any CPU.ActiveCfg = Release|Any CPU
		{E5732888-CAD4-470F-86CC-6543A63E70F5}.Release|Any CPU.Build.0 = Release|Any CPU
		{8F5FF73C-EFA3-4B29-B61A-52A159B781C6}.Debug|Any CPU.ActiveCfg = Debug|Any CPU
		{8F5FF73C-EFA3-4B29-B61A-52A159B781C6}.Debug|Any CPU.Build.0 = Debug|Any CPU
		{8F5FF73C-EFA3-4B29-B61A-52A159B781C6}.Release|Any CPU.ActiveCfg = Release|Any CPU
		{8F5FF73C-EFA3-4B29-B61A-52A159B781C6}.Release|Any CPU.Build.0 = Release|Any CPU
		{54503C06-A29E-4313-B2D6-011A8FAED118}.Debug|Any CPU.ActiveCfg = Debug|Any CPU
		{54503C06-A29E-4313-B2D6-011A8FAED118}.Debug|Any CPU.Build.0 = Debug|Any CPU
		{54503C06-A29E-4313-B2D6-011A8FAED118}.Release|Any CPU.ActiveCfg = Release|Any CPU
		{54503C06-A29E-4313-B2D6-011A8FAED118}.Release|Any CPU.Build.0 = Release|Any CPU
	EndGlobalSection
	GlobalSection(SolutionProperties) = preSolution
		HideSolutionNode = FALSE
	EndGlobalSection
	GlobalSection(ExtensibilityGlobals) = postSolution
		SolutionGuid = {F7BA13A9-638F-405E-928D-01D6B56D359C}
	EndGlobalSection
EndGlobal
